
Microsoft Visual Studio Solution File, Format Version 12.00
# Visual Studio Version 16
VisualStudioVersion = 16.0.31613.86
MinimumVisualStudioVersion = 10.0.40219.1
Project("{9A19103F-16F7-4668-BE54-9A1E7A4F7556}") = "SudokuSolver.Core", "SudokuSolver.Core\SudokuSolver.Core.csproj", "{E57454C7-E6E9-4011-9C3A-DB9C250A04BF}"
EndProject
Project("{9A19103F-16F7-4668-BE54-9A1E7A4F7556}") = "SudokuSolver.Core.Tests", "SudokuSolver.Core.Tests\SudokuSolver.Core.Tests.csproj", "{4D32F787-4056-4C9D-B7A9-E44A9ED4DCC7}"
EndProject
Project("{9A19103F-16F7-4668-BE54-9A1E7A4F7556}") = "SudokuConsole", "SudokuConsole\SudokuConsole.csproj", "{DA914134-6339-4B06-93FC-05F1744BC40D}"
EndProject
Project("{FAE04EC0-301F-11D3-BF4B-00C04F79EFBC}") = "SudokuSolver.Web.Api", "SudokuSolver.Web.Api\SudokuSolver.Web.Api.csproj", "{7E1F67BA-7D59-4133-BB3C-3733FE389B4D}"
EndProject
Global
	GlobalSection(SolutionConfigurationPlatforms) = preSolution
		Debug|Any CPU = Debug|Any CPU
		Release|Any CPU = Release|Any CPU
	EndGlobalSection
	GlobalSection(ProjectConfigurationPlatforms) = postSolution
		{E57454C7-E6E9-4011-9C3A-DB9C250A04BF}.Debug|Any CPU.ActiveCfg = Debug|Any CPU
		{E57454C7-E6E9-4011-9C3A-DB9C250A04BF}.Debug|Any CPU.Build.0 = Debug|Any CPU
		{E57454C7-E6E9-4011-9C3A-DB9C250A04BF}.Release|Any CPU.ActiveCfg = Release|Any CPU
		{E57454C7-E6E9-4011-9C3A-DB9C250A04BF}.Release|Any CPU.Build.0 = Release|Any CPU
		{4D32F787-4056-4C9D-B7A9-E44A9ED4DCC7}.Debug|Any CPU.ActiveCfg = Debug|Any CPU
		{4D32F787-4056-4C9D-B7A9-E44A9ED4DCC7}.Debug|Any CPU.Build.0 = Debug|Any CPU
		{4D32F787-4056-4C9D-B7A9-E44A9ED4DCC7}.Release|Any CPU.ActiveCfg = Release|Any CPU
		{4D32F787-4056-4C9D-B7A9-E44A9ED4DCC7}.Release|Any CPU.Build.0 = Release|Any CPU
		{DA914134-6339-4B06-93FC-05F1744BC40D}.Debug|Any CPU.ActiveCfg = Debug|Any CPU
		{DA914134-6339-4B06-93FC-05F1744BC40D}.Debug|Any CPU.Build.0 = Debug|Any CPU
		{DA914134-6339-4B06-93FC-05F1744BC40D}.Release|Any CPU.ActiveCfg = Release|Any CPU
		{DA914134-6339-4B06-93FC-05F1744BC40D}.Release|Any CPU.Build.0 = Release|Any CPU
		{7E1F67BA-7D59-4133-BB3C-3733FE389B4D}.Debug|Any CPU.ActiveCfg = Debug|Any CPU
		{7E1F67BA-7D59-4133-BB3C-3733FE389B4D}.Debug|Any CPU.Build.0 = Debug|Any CPU
		{7E1F67BA-7D59-4133-BB3C-3733FE389B4D}.Release|Any CPU.ActiveCfg = Release|Any CPU
		{7E1F67BA-7D59-4133-BB3C-3733FE389B4D}.Release|Any CPU.Build.0 = Release|Any CPU
	EndGlobalSection
	GlobalSection(SolutionProperties) = preSolution
		HideSolutionNode = FALSE
	EndGlobalSection
	GlobalSection(ExtensibilityGlobals) = postSolution
		SolutionGuid = {6F5D563A-3E77-48AA-B55F-DE47A78EE4C4}
	EndGlobalSection
EndGlobal
